
Microsoft Visual Studio Solution File, Format Version 12.00
# Visual Studio Version 17
VisualStudioVersion = 17.5.33424.131
MinimumVisualStudioVersion = 10.0.40219.1
Project("{FAE04EC0-301F-11D3-BF4B-00C04F79EFBC}") = "Practica2", "Practica2\Practica2.csproj", "{8D8565C3-9692-4B3B-96AF-625DFC7FD637}"
EndProject
Project("{FAE04EC0-301F-11D3-BF4B-00C04F79EFBC}") = "Practica2Tests", "Practica2Tests\Practica2Tests.csproj", "{BFC9DADB-5842-48E8-BD99-F3701B55E186}"
EndProject
Global
	GlobalSection(SolutionConfigurationPlatforms) = preSolution
		Debug|Any CPU = Debug|Any CPU
		Release|Any CPU = Release|Any CPU
	EndGlobalSection
	GlobalSection(ProjectConfigurationPlatforms) = postSolution
		{8D8565C3-9692-4B3B-96AF-625DFC7FD637}.Debug|Any CPU.ActiveCfg = Debug|Any CPU
		{8D8565C3-9692-4B3B-96AF-625DFC7FD637}.Debug|Any CPU.Build.0 = Debug|Any CPU
		{8D8565C3-9692-4B3B-96AF-625DFC7FD637}.Release|Any CPU.ActiveCfg = Release|Any CPU
		{8D8565C3-9692-4B3B-96AF-625DFC7FD637}.Release|Any CPU.Build.0 = Release|Any CPU
		{BFC9DADB-5842-48E8-BD99-F3701B55E186}.Debug|Any CPU.ActiveCfg = Debug|Any CPU
		{BFC9DADB-5842-48E8-BD99-F3701B55E186}.Debug|Any CPU.Build.0 = Debug|Any CPU
		{BFC9DADB-5842-48E8-BD99-F3701B55E186}.Release|Any CPU.ActiveCfg = Release|Any CPU
		{BFC9DADB-5842-48E8-BD99-F3701B55E186}.Release|Any CPU.Build.0 = Release|Any CPU
	EndGlobalSection
	GlobalSection(SolutionProperties) = preSolution
		HideSolutionNode = FALSE
	EndGlobalSection
	GlobalSection(ExtensibilityGlobals) = postSolution
		SolutionGuid = {E4FCDEF9-BB33-419F-9FE4-DB367BFE5955}
	EndGlobalSection
EndGlobal
